
Microsoft Visual Studio Solution File, Format Version 12.00
# Visual Studio Version 17
VisualStudioVersion = 17.8.34330.188
MinimumVisualStudioVersion = 10.0.40219.1
Project("{FAE04EC0-301F-11D3-BF4B-00C04F79EFBC}") = "DesignPatternsC#", "DesignPatternsC#\DesignPatternsC#.csproj", "{4742A412-35F1-4650-8088-9EF2DEC469EF}"
EndProject
Global
	GlobalSection(SolutionConfigurationPlatforms) = preSolution
		Debug|Any CPU = Debug|Any CPU
		Release|Any CPU = Release|Any CPU
	EndGlobalSection
	GlobalSection(ProjectConfigurationPlatforms) = postSolution
		{4742A412-35F1-4650-8088-9EF2DEC469EF}.Debug|Any CPU.ActiveCfg = Debug|Any CPU
		{4742A412-35F1-4650-8088-9EF2DEC469EF}.Debug|Any CPU.Build.0 = Debug|Any CPU
		{4742A412-35F1-4650-8088-9EF2DEC469EF}.Release|Any CPU.ActiveCfg = Release|Any CPU
		{4742A412-35F1-4650-8088-9EF2DEC469EF}.Release|Any CPU.Build.0 = Release|Any CPU
	EndGlobalSection
	GlobalSection(SolutionProperties) = preSolution
		HideSolutionNode = FALSE
	EndGlobalSection
	GlobalSection(ExtensibilityGlobals) = postSolution
		SolutionGuid = {4C740F5D-0275-41AA-8289-51B78C66D95F}
	EndGlobalSection
EndGlobal
